
Microsoft Visual Studio Solution File, Format Version 12.00
# Visual Studio Version 16
VisualStudioVersion = 16.0.29911.84
MinimumVisualStudioVersion = 15.0.26124.0
Project("{2150E333-8FDC-42A3-9474-1A3956D46DE8}") = "src", "src", "{673FDADE-9B3A-4527-BDD4-B27A4955916E}"
EndProject
Project("{9A19103F-16F7-4668-BE54-9A1E7A4F7556}") = "Bench.Gradient", "src\Bench.Gradient\Bench.Gradient.csproj", "{85941BCB-AB1E-449D-9A50-4C639BA4D54D}"
EndProject
Project("{9A19103F-16F7-4668-BE54-9A1E7A4F7556}") = "Bench.TF.NET", "src\Bench.TF.NET\Bench.TF.NET.csproj", "{2EDC8C97-1A54-437A-9BB8-726EEC270867}"
EndProject
Project("{2150E333-8FDC-42A3-9474-1A3956D46DE8}") = "External", "External", "{44D986A1-6CA4-400B-B12C-2845A6D7FB5E}"
EndProject
Project("{2150E333-8FDC-42A3-9474-1A3956D46DE8}") = "SciSharp-Examples", "SciSharp-Examples", "{1B59F989-0728-4DC6-8B1C-B25048AD7930}"
EndProject
Project("{2150E333-8FDC-42A3-9474-1A3956D46DE8}") = "src", "src", "{3C690663-FDEC-46C4-B02F-83E765C33F59}"
EndProject
Project("{9A19103F-16F7-4668-BE54-9A1E7A4F7556}") = "TensorFlowNET.Examples", "External\SciSharp-Examples\src\TensorFlowNET.Examples\TensorFlowNET.Examples.csproj", "{1784645F-9058-4879-B063-0F5D2FF2F9FE}"
EndProject
Project("{2150E333-8FDC-42A3-9474-1A3956D46DE8}") = "Repo", "Repo", "{3DDE651D-F25D-4356-93E9-7A5E8E0F6818}"
	ProjectSection(SolutionItems) = preProject
		.editorconfig = .editorconfig
		.gitignore = .gitignore
		.gitmodules = .gitmodules
		README.md = README.md
	EndProjectSection
EndProject
Global
	GlobalSection(SolutionConfigurationPlatforms) = preSolution
		Debug|Any CPU = Debug|Any CPU
		Debug|x64 = Debug|x64
		Debug|x86 = Debug|x86
		Release|Any CPU = Release|Any CPU
		Release|x64 = Release|x64
		Release|x86 = Release|x86
	EndGlobalSection
	GlobalSection(ProjectConfigurationPlatforms) = postSolution
		{85941BCB-AB1E-449D-9A50-4C639BA4D54D}.Debug|Any CPU.ActiveCfg = Debug|Any CPU
		{85941BCB-AB1E-449D-9A50-4C639BA4D54D}.Debug|Any CPU.Build.0 = Debug|Any CPU
		{85941BCB-AB1E-449D-9A50-4C639BA4D54D}.Debug|x64.ActiveCfg = Debug|Any CPU
		{85941BCB-AB1E-449D-9A50-4C639BA4D54D}.Debug|x64.Build.0 = Debug|Any CPU
		{85941BCB-AB1E-449D-9A50-4C639BA4D54D}.Debug|x86.ActiveCfg = Debug|Any CPU
		{85941BCB-AB1E-449D-9A50-4C639BA4D54D}.Debug|x86.Build.0 = Debug|Any CPU
		{85941BCB-AB1E-449D-9A50-4C639BA4D54D}.Release|Any CPU.ActiveCfg = Release|Any CPU
		{85941BCB-AB1E-449D-9A50-4C639BA4D54D}.Release|Any CPU.Build.0 = Release|Any CPU
		{85941BCB-AB1E-449D-9A50-4C639BA4D54D}.Release|x64.ActiveCfg = Release|Any CPU
		{85941BCB-AB1E-449D-9A50-4C639BA4D54D}.Release|x64.Build.0 = Release|Any CPU
		{85941BCB-AB1E-449D-9A50-4C639BA4D54D}.Release|x86.ActiveCfg = Release|Any CPU
		{85941BCB-AB1E-449D-9A50-4C639BA4D54D}.Release|x86.Build.0 = Release|Any CPU
		{2EDC8C97-1A54-437A-9BB8-726EEC270867}.Debug|Any CPU.ActiveCfg = Debug|Any CPU
		{2EDC8C97-1A54-437A-9BB8-726EEC270867}.Debug|Any CPU.Build.0 = Debug|Any CPU
		{2EDC8C97-1A54-437A-9BB8-726EEC270867}.Debug|x64.ActiveCfg = Debug|Any CPU
		{2EDC8C97-1A54-437A-9BB8-726EEC270867}.Debug|x64.Build.0 = Debug|Any CPU
		{2EDC8C97-1A54-437A-9BB8-726EEC270867}.Debug|x86.ActiveCfg = Debug|Any CPU
		{2EDC8C97-1A54-437A-9BB8-726EEC270867}.Debug|x86.Build.0 = Debug|Any CPU
		{2EDC8C97-1A54-437A-9BB8-726EEC270867}.Release|Any CPU.ActiveCfg = Release|Any CPU
		{2EDC8C97-1A54-437A-9BB8-726EEC270867}.Release|Any CPU.Build.0 = Release|Any CPU
		{2EDC8C97-1A54-437A-9BB8-726EEC270867}.Release|x64.ActiveCfg = Release|Any CPU
		{2EDC8C97-1A54-437A-9BB8-726EEC270867}.Release|x64.Build.0 = Release|Any CPU
		{2EDC8C97-1A54-437A-9BB8-726EEC270867}.Release|x86.ActiveCfg = Release|Any CPU
		{2EDC8C97-1A54-437A-9BB8-726EEC270867}.Release|x86.Build.0 = Release|Any CPU
		{1784645F-9058-4879-B063-0F5D2FF2F9FE}.Debug|Any CPU.ActiveCfg = Debug|Any CPU
		{1784645F-9058-4879-B063-0F5D2FF2F9FE}.Debug|Any CPU.Build.0 = Debug|Any CPU
		{1784645F-9058-4879-B063-0F5D2FF2F9FE}.Debug|x64.ActiveCfg = Debug|Any CPU
		{1784645F-9058-4879-B063-0F5D2FF2F9FE}.Debug|x64.Build.0 = Debug|Any CPU
		{1784645F-9058-4879-B063-0F5D2FF2F9FE}.Debug|x86.ActiveCfg = Debug|Any CPU
		{1784645F-9058-4879-B063-0F5D2FF2F9FE}.Debug|x86.Build.0 = Debug|Any CPU
		{1784645F-9058-4879-B063-0F5D2FF2F9FE}.Release|Any CPU.ActiveCfg = Release|Any CPU
		{1784645F-9058-4879-B063-0F5D2FF2F9FE}.Release|Any CPU.Build.0 = Release|Any CPU
		{1784645F-9058-4879-B063-0F5D2FF2F9FE}.Release|x64.ActiveCfg = Release|Any CPU
		{1784645F-9058-4879-B063-0F5D2FF2F9FE}.Release|x64.Build.0 = Release|Any CPU
		{1784645F-9058-4879-B063-0F5D2FF2F9FE}.Release|x86.ActiveCfg = Release|Any CPU
		{1784645F-9058-4879-B063-0F5D2FF2F9FE}.Release|x86.Build.0 = Release|Any CPU
	EndGlobalSection
	GlobalSection(SolutionProperties) = preSolution
		HideSolutionNode = FALSE
	EndGlobalSection
	GlobalSection(NestedProjects) = preSolution
		{85941BCB-AB1E-449D-9A50-4C639BA4D54D} = {673FDADE-9B3A-4527-BDD4-B27A4955916E}
		{2EDC8C97-1A54-437A-9BB8-726EEC270867} = {673FDADE-9B3A-4527-BDD4-B27A4955916E}
		{1B59F989-0728-4DC6-8B1C-B25048AD7930} = {44D986A1-6CA4-400B-B12C-2845A6D7FB5E}
		{3C690663-FDEC-46C4-B02F-83E765C33F59} = {1B59F989-0728-4DC6-8B1C-B25048AD7930}
		{1784645F-9058-4879-B063-0F5D2FF2F9FE} = {3C690663-FDEC-46C4-B02F-83E765C33F59}
	EndGlobalSection
	GlobalSection(ExtensibilityGlobals) = postSolution
		SolutionGuid = {F6258422-6222-495B-9DAE-D1ECC1AA78CA}
	EndGlobalSection
EndGlobal
